
Microsoft Visual Studio Solution File, Format Version 12.00
# Visual Studio 2013
VisualStudioVersion = 12.0.31101.0
MinimumVisualStudioVersion = 10.0.40219.1
Project("{FAE04EC0-301F-11D3-BF4B-00C04F79EFBC}") = "TXGuiFoundation", "test\TXGuiFoundation.csproj", "{C21ABE3A-0C8E-4B1C-A3E0-96E968E3B4ED}"
EndProject
Project("{FAE04EC0-301F-11D3-BF4B-00C04F79EFBC}") = "So", "So\So.csproj", "{13C52276-2E5B-48F1-8CD9-9731E96DAFA5}"
EndProject
Project("{FAE04EC0-301F-11D3-BF4B-00C04F79EFBC}") = "SoC", "SoC\SoC.csproj", "{3DDA61CF-851D-437B-95D1-77507132A25F}"
EndProject
Project("{2150E333-8FDC-42A3-9474-1A3956D46DE8}") = "支付宝红包图片处理-失败", "支付宝红包图片处理-失败", "{3862DD4F-8C7B-4867-B367-C7FA88EFAF44}"
EndProject
Project("{FAE04EC0-301F-11D3-BF4B-00C04F79EFBC}") = "ClearBarClient", "ClearBarClient\ClearBarClient.csproj", "{70D267DF-5AD9-4A2A-BB9B-4FDD096B0510}"
EndProject
Project("{2150E333-8FDC-42A3-9474-1A3956D46DE8}") = "Sok", "Sok", "{32952AB5-B110-4A11-B37D-38E7BCA15909}"
EndProject
Project("{2150E333-8FDC-42A3-9474-1A3956D46DE8}") = "WebClient", "WebClient", "{67A34B5C-76DB-409E-9EEB-0631649CF7C0}"
EndProject
Project("{FAE04EC0-301F-11D3-BF4B-00C04F79EFBC}") = "WebPages", "WebPages\WebPages.csproj", "{448DAA39-AEEC-4835-A79D-61FB3D4B2ED4}"
EndProject
Project("{2150E333-8FDC-42A3-9474-1A3956D46DE8}") = "企业QQ签到", "企业QQ签到", "{C2C4CC5B-D7C5-49F0-82E5-F302B0CD956E}"
EndProject
Project("{FAE04EC0-301F-11D3-BF4B-00C04F79EFBC}") = "EM_Finance", "EM_Finance\EM_Finance.csproj", "{7CE6B6BB-B606-4370-82D3-84C2272EEF47}"
EndProject
Project("{FAE04EC0-301F-11D3-BF4B-00C04F79EFBC}") = "EM_Domain", "EM_Domain\EM_Domain.csproj", "{F9D0F080-E9E7-4B2E-B068-2BF57EE0E6D3}"
EndProject
Project("{2150E333-8FDC-42A3-9474-1A3956D46DE8}") = "DragForm", "DragForm", "{18F0FEA7-C435-4C7E-8253-3EBFD863AA47}"
EndProject
Project("{FAE04EC0-301F-11D3-BF4B-00C04F79EFBC}") = "DragForm", "DragForm\DragForm.csproj", "{09761868-C3D3-48B5-AC4D-371F3D44B894}"
EndProject
Project("{2150E333-8FDC-42A3-9474-1A3956D46DE8}") = "A", "A", "{4871BEE3-6747-453E-9219-26F5443BBFA9}"
EndProject
Project("{FAE04EC0-301F-11D3-BF4B-00C04F79EFBC}") = "ApplicationForApi", "ApplicationForApi\ApplicationForApi.csproj", "{2E140098-3EBF-434D-B5A5-A3E7A69A88DB}"
EndProject
Project("{2150E333-8FDC-42A3-9474-1A3956D46DE8}") = ".nuget", ".nuget", "{FE2512EC-D869-4808-80CA-65DF8F02C3C7}"
	ProjectSection(SolutionItems) = preProject
		.nuget\NuGet.Config = .nuget\NuGet.Config
		.nuget\NuGet.exe = .nuget\NuGet.exe
		.nuget\NuGet.targets = .nuget\NuGet.targets
	EndProjectSection
EndProject
Project("{2150E333-8FDC-42A3-9474-1A3956D46DE8}") = "Mongo", "Mongo", "{AFA2115A-9BA9-4A6A-8A3C-A2BB7EEFC34C}"
EndProject
Project("{FAE04EC0-301F-11D3-BF4B-00C04F79EFBC}") = "Mongo", "Mongo\Mongo.csproj", "{4AA641A0-39FD-46B8-8031-70C522E65B6D}"
EndProject
Global
	GlobalSection(SolutionConfigurationPlatforms) = preSolution
		Debug|Any CPU = Debug|Any CPU
		Release|Any CPU = Release|Any CPU
	EndGlobalSection
	GlobalSection(ProjectConfigurationPlatforms) = postSolution
		{C21ABE3A-0C8E-4B1C-A3E0-96E968E3B4ED}.Debug|Any CPU.ActiveCfg = Debug|Any CPU
		{C21ABE3A-0C8E-4B1C-A3E0-96E968E3B4ED}.Debug|Any CPU.Build.0 = Debug|Any CPU
		{C21ABE3A-0C8E-4B1C-A3E0-96E968E3B4ED}.Release|Any CPU.ActiveCfg = Release|Any CPU
		{C21ABE3A-0C8E-4B1C-A3E0-96E968E3B4ED}.Release|Any CPU.Build.0 = Release|Any CPU
		{13C52276-2E5B-48F1-8CD9-9731E96DAFA5}.Debug|Any CPU.ActiveCfg = Debug|Any CPU
		{13C52276-2E5B-48F1-8CD9-9731E96DAFA5}.Debug|Any CPU.Build.0 = Debug|Any CPU
		{13C52276-2E5B-48F1-8CD9-9731E96DAFA5}.Release|Any CPU.ActiveCfg = Release|Any CPU
		{13C52276-2E5B-48F1-8CD9-9731E96DAFA5}.Release|Any CPU.Build.0 = Release|Any CPU
		{3DDA61CF-851D-437B-95D1-77507132A25F}.Debug|Any CPU.ActiveCfg = Debug|Any CPU
		{3DDA61CF-851D-437B-95D1-77507132A25F}.Debug|Any CPU.Build.0 = Debug|Any CPU
		{3DDA61CF-851D-437B-95D1-77507132A25F}.Release|Any CPU.ActiveCfg = Release|Any CPU
		{3DDA61CF-851D-437B-95D1-77507132A25F}.Release|Any CPU.Build.0 = Release|Any CPU
		{70D267DF-5AD9-4A2A-BB9B-4FDD096B0510}.Debug|Any CPU.ActiveCfg = Debug|Any CPU
		{70D267DF-5AD9-4A2A-BB9B-4FDD096B0510}.Debug|Any CPU.Build.0 = Debug|Any CPU
		{70D267DF-5AD9-4A2A-BB9B-4FDD096B0510}.Release|Any CPU.ActiveCfg = Release|Any CPU
		{70D267DF-5AD9-4A2A-BB9B-4FDD096B0510}.Release|Any CPU.Build.0 = Release|Any CPU
		{448DAA39-AEEC-4835-A79D-61FB3D4B2ED4}.Debug|Any CPU.ActiveCfg = Debug|Any CPU
		{448DAA39-AEEC-4835-A79D-61FB3D4B2ED4}.Debug|Any CPU.Build.0 = Debug|Any CPU
		{448DAA39-AEEC-4835-A79D-61FB3D4B2ED4}.Release|Any CPU.ActiveCfg = Release|Any CPU
		{448DAA39-AEEC-4835-A79D-61FB3D4B2ED4}.Release|Any CPU.Build.0 = Release|Any CPU
		{7CE6B6BB-B606-4370-82D3-84C2272EEF47}.Debug|Any CPU.ActiveCfg = Debug|Any CPU
		{7CE6B6BB-B606-4370-82D3-84C2272EEF47}.Debug|Any CPU.Build.0 = Debug|Any CPU
		{7CE6B6BB-B606-4370-82D3-84C2272EEF47}.Release|Any CPU.ActiveCfg = Release|Any CPU
		{7CE6B6BB-B606-4370-82D3-84C2272EEF47}.Release|Any CPU.Build.0 = Release|Any CPU
		{F9D0F080-E9E7-4B2E-B068-2BF57EE0E6D3}.Debug|Any CPU.ActiveCfg = Debug|Any CPU
		{F9D0F080-E9E7-4B2E-B068-2BF57EE0E6D3}.Debug|Any CPU.Build.0 = Debug|Any CPU
		{F9D0F080-E9E7-4B2E-B068-2BF57EE0E6D3}.Release|Any CPU.ActiveCfg = Release|Any CPU
		{F9D0F080-E9E7-4B2E-B068-2BF57EE0E6D3}.Release|Any CPU.Build.0 = Release|Any CPU
		{09761868-C3D3-48B5-AC4D-371F3D44B894}.Debug|Any CPU.ActiveCfg = Debug|Any CPU
		{09761868-C3D3-48B5-AC4D-371F3D44B894}.Debug|Any CPU.Build.0 = Debug|Any CPU
		{09761868-C3D3-48B5-AC4D-371F3D44B894}.Release|Any CPU.ActiveCfg = Release|Any CPU
		{09761868-C3D3-48B5-AC4D-371F3D44B894}.Release|Any CPU.Build.0 = Release|Any CPU
		{2E140098-3EBF-434D-B5A5-A3E7A69A88DB}.Debug|Any CPU.ActiveCfg = Debug|Any CPU
		{2E140098-3EBF-434D-B5A5-A3E7A69A88DB}.Debug|Any CPU.Build.0 = Debug|Any CPU
		{2E140098-3EBF-434D-B5A5-A3E7A69A88DB}.Release|Any CPU.ActiveCfg = Release|Any CPU
		{2E140098-3EBF-434D-B5A5-A3E7A69A88DB}.Release|Any CPU.Build.0 = Release|Any CPU
		{4AA641A0-39FD-46B8-8031-70C522E65B6D}.Debug|Any CPU.ActiveCfg = Debug|Any CPU
		{4AA641A0-39FD-46B8-8031-70C522E65B6D}.Debug|Any CPU.Build.0 = Debug|Any CPU
		{4AA641A0-39FD-46B8-8031-70C522E65B6D}.Release|Any CPU.ActiveCfg = Release|Any CPU
		{4AA641A0-39FD-46B8-8031-70C522E65B6D}.Release|Any CPU.Build.0 = Release|Any CPU
	EndGlobalSection
	GlobalSection(SolutionProperties) = preSolution
		HideSolutionNode = FALSE
	EndGlobalSection
	GlobalSection(NestedProjects) = preSolution
		{13C52276-2E5B-48F1-8CD9-9731E96DAFA5} = {32952AB5-B110-4A11-B37D-38E7BCA15909}
		{3DDA61CF-851D-437B-95D1-77507132A25F} = {32952AB5-B110-4A11-B37D-38E7BCA15909}
		{70D267DF-5AD9-4A2A-BB9B-4FDD096B0510} = {3862DD4F-8C7B-4867-B367-C7FA88EFAF44}
		{448DAA39-AEEC-4835-A79D-61FB3D4B2ED4} = {67A34B5C-76DB-409E-9EEB-0631649CF7C0}
		{7CE6B6BB-B606-4370-82D3-84C2272EEF47} = {C2C4CC5B-D7C5-49F0-82E5-F302B0CD956E}
		{F9D0F080-E9E7-4B2E-B068-2BF57EE0E6D3} = {C2C4CC5B-D7C5-49F0-82E5-F302B0CD956E}
		{09761868-C3D3-48B5-AC4D-371F3D44B894} = {18F0FEA7-C435-4C7E-8253-3EBFD863AA47}
		{2E140098-3EBF-434D-B5A5-A3E7A69A88DB} = {4871BEE3-6747-453E-9219-26F5443BBFA9}
		{4AA641A0-39FD-46B8-8031-70C522E65B6D} = {AFA2115A-9BA9-4A6A-8A3C-A2BB7EEFC34C}
	EndGlobalSection
EndGlobal
